{
  "version": "4",
  "specifiers": {
    "jsr:@esroyo/hono-webc@2.0.3": "jsr:@esroyo/hono-webc@2.0.3",
    "jsr:@esroyo/webc-lax@1.1.5": "jsr:@esroyo/webc-lax@1.1.5",
    "jsr:@hono/hono@4.4.4": "jsr:@hono/hono@4.4.4",
    "jsr:@jcs224/hono-sessions@0.5.8": "jsr:@jcs224/hono-sessions@0.5.8",
    "jsr:@std/assert@^0.226.0": "jsr:@std/assert@0.226.0",
    "jsr:@std/path@0.225.2": "jsr:@std/path@0.225.2",
    "npm:hono@^4.0.0": "npm:hono@4.4.6",
    "npm:iron-webcrypto@0.10.1": "npm:iron-webcrypto@0.10.1",
    "npm:lodash-es@4.17.21": "npm:lodash-es@4.17.21"
  },
  "jsr": {
    "@esroyo/hono-webc@2.0.3": {
      "integrity": "794d39fd189cea8c85bd0a538d12952c9ebb78ef1d4e838f16194630ea9d71f2",
      "dependencies": [
        "jsr:@esroyo/webc-lax",
        "jsr:@hono/hono",
        "npm:lodash-es"
      ]
    },
    "@esroyo/webc-lax@1.1.5": {
      "integrity": "1b8cacb4e147fdafda67e9edec437db1b891a0e31851c6778249140b7754bb61"
    },
    "@hono/hono@4.4.4": {
      "integrity": "38265f77059877cbee3579c419c561e90d8e8bf6861ce554832018b9998dcc8e"
    },
    "@jcs224/hono-sessions@0.5.8": {
      "integrity": "19458dad347ba021396b840cb50c05bb097ab621800f05f80409f6889c06a9dc",
      "dependencies": [
        "npm:hono",
        "npm:iron-webcrypto"
      ]
    },
    "@std/assert@0.226.0": {
      "integrity": "0dfb5f7c7723c18cec118e080fec76ce15b4c31154b15ad2bd74822603ef75b3"
    },
    "@std/path@0.225.2": {
      "integrity": "0f2db41d36b50ef048dcb0399aac720a5348638dd3cb5bf80685bf2a745aa506",
      "dependencies": [
        "jsr:@std/assert"
      ]
    }
  },
  "npm": {
    "hono@4.4.6": {
      "integrity": "sha512-XGRnoH8WONv60+PPvP9Sn067A9r/8JdHDJ5bgon0DVEHeR1cJPkWjv2aT+DBfMH9/mEkYa1+VEVFp1DT1lIwjw=="
    },
    "iron-webcrypto@0.10.1": {
      "integrity": "sha512-QGOS8MRMnj/UiOa+aMIgfyHcvkhqNUsUxb1XzskENvbo+rEfp6TOwqd1KPuDzXC4OnGHcMSVxDGRoilqB8ViqA=="
    },
    "lodash-es@4.17.21": {
      "integrity": "sha512-mKnC+QJ9pWVzv+C4/U3rRsHapFfHvQFoFB92e52xeyGMcX6/OlIl78je1u8vePzYZSkkogMPJ2yjxxsb89cxyw=="
    }
  },
  "workspace": {
    "dependencies": [
      "jsr:@esroyo/hono-webc@2.0.3",
      "jsr:@hono/hono@4.4.4",
      "jsr:@jcs224/hono-sessions@0.5.8",
      "jsr:@std/path@0.225.2"
    ]
  }
}
